
Microsoft Visual Studio Solution File, Format Version 12.00
# Visual Studio 15
VisualStudioVersion = 15.0.28307.1082
MinimumVisualStudioVersion = 10.0.40219.1
Project("{FAE04EC0-301F-11D3-BF4B-00C04F79EFBC}") = "UserInterface", "UserInterface\UserInterface.csproj", "{8D714341-EC94-4914-8EB5-366E03475A9A}"
EndProject
Global
	GlobalSection(SolutionConfigurationPlatforms) = preSolution
		Debug|Any CPU = Debug|Any CPU
		Release|Any CPU = Release|Any CPU
	EndGlobalSection
	GlobalSection(ProjectConfigurationPlatforms) = postSolution
		{8D714341-EC94-4914-8EB5-366E03475A9A}.Debug|Any CPU.ActiveCfg = Debug|Any CPU
		{8D714341-EC94-4914-8EB5-366E03475A9A}.Debug|Any CPU.Build.0 = Debug|Any CPU
		{8D714341-EC94-4914-8EB5-366E03475A9A}.Release|Any CPU.ActiveCfg = Release|Any CPU
		{8D714341-EC94-4914-8EB5-366E03475A9A}.Release|Any CPU.Build.0 = Release|Any CPU
	EndGlobalSection
	GlobalSection(SolutionProperties) = preSolution
		HideSolutionNode = FALSE
	EndGlobalSection
	GlobalSection(ExtensibilityGlobals) = postSolution
		SolutionGuid = {1D6B2E15-F7FB-47DE-AFBF-F2AAE08B2A89}
	EndGlobalSection
EndGlobal
